// !$*UTF8*$!
{
	archiveVersion = 1;
	classes = {
	};
	objectVersion = 50;
	objects = {

/* Begin PBXBuildFile section */
		91198EF12433BEDB00AA0C56 /* DetailViewController.swift in Sources */ = {isa = PBXBuildFile; fileRef = 91198EF02433BEDB00AA0C56 /* DetailViewController.swift */; };
		91198EF32433BEF900AA0C56 /* DetailViewModel.swift in Sources */ = {isa = PBXBuildFile; fileRef = 91198EF22433BEF900AA0C56 /* DetailViewModel.swift */; };
		913296152433DAA40065781F /* SearchViewModelTests.swift in Sources */ = {isa = PBXBuildFile; fileRef = 913296142433DAA40065781F /* SearchViewModelTests.swift */; };
		913E3F0824257A740060EF34 /* AppDelegate.swift in Sources */ = {isa = PBXBuildFile; fileRef = 913E3F0724257A740060EF34 /* AppDelegate.swift */; };
		913E3F0F24257A740060EF34 /* Main.storyboard in Resources */ = {isa = PBXBuildFile; fileRef = 913E3F0D24257A740060EF34 /* Main.storyboard */; };
		913E3F1224257A740060EF34 /* Reciplease.xcdatamodeld in Sources */ = {isa = PBXBuildFile; fileRef = 913E3F1024257A740060EF34 /* Reciplease.xcdatamodeld */; };
		913E3F1424257A770060EF34 /* Assets.xcassets in Resources */ = {isa = PBXBuildFile; fileRef = 913E3F1324257A770060EF34 /* Assets.xcassets */; };
		913E3F1724257A770060EF34 /* LaunchScreen.storyboard in Resources */ = {isa = PBXBuildFile; fileRef = 913E3F1524257A770060EF34 /* LaunchScreen.storyboard */; };
		913E3F2E24257ABE0060EF34 /* Coordinator.swift in Sources */ = {isa = PBXBuildFile; fileRef = 913E3F2D24257ABE0060EF34 /* Coordinator.swift */; };
		913E3F3224257B9E0060EF34 /* MainCoordinator.swift in Sources */ = {isa = PBXBuildFile; fileRef = 913E3F3124257B9E0060EF34 /* MainCoordinator.swift */; };
		913E3F3424257C520060EF34 /* Screens.swift in Sources */ = {isa = PBXBuildFile; fileRef = 913E3F3324257C520060EF34 /* Screens.swift */; };
		913E3F3624257CCC0060EF34 /* SearchViewController.swift in Sources */ = {isa = PBXBuildFile; fileRef = 913E3F3524257CCC0060EF34 /* SearchViewController.swift */; };
		913E3F3B24257DC60060EF34 /* HTTPClient.swift in Sources */ = {isa = PBXBuildFile; fileRef = 913E3F3A24257DC60060EF34 /* HTTPClient.swift */; };
		913E3F3D24257DD60060EF34 /* HTTPEngine.swift in Sources */ = {isa = PBXBuildFile; fileRef = 913E3F3C24257DD60060EF34 /* HTTPEngine.swift */; };
		913E3F3F24257DF30060EF34 /* RequestCancellationToken.swift in Sources */ = {isa = PBXBuildFile; fileRef = 913E3F3E24257DF30060EF34 /* RequestCancellationToken.swift */; };
		913E3F4124257E1B0060EF34 /* Context.swift in Sources */ = {isa = PBXBuildFile; fileRef = 913E3F4024257E1B0060EF34 /* Context.swift */; };
		913E3F4424257E670060EF34 /* UIViewController+Commons.swift in Sources */ = {isa = PBXBuildFile; fileRef = 913E3F4324257E670060EF34 /* UIViewController+Commons.swift */; };
		913E3F49242582A10060EF34 /* SearchCoordinator.swift in Sources */ = {isa = PBXBuildFile; fileRef = 913E3F48242582A10060EF34 /* SearchCoordinator.swift */; };
		913E3F5024258A070060EF34 /* SearchViewModel.swift in Sources */ = {isa = PBXBuildFile; fileRef = 913E3F4F24258A070060EF34 /* SearchViewModel.swift */; };
		913E3F5524259CDF0060EF34 /* RecipesListViewController.swift in Sources */ = {isa = PBXBuildFile; fileRef = 913E3F5424259CDF0060EF34 /* RecipesListViewController.swift */; };
		913E3F5724259D520060EF34 /* RecipesListViewModel.swift in Sources */ = {isa = PBXBuildFile; fileRef = 913E3F5624259D520060EF34 /* RecipesListViewModel.swift */; };
		913E3F592425A7B40060EF34 /* SearchRecipesListRepository.swift in Sources */ = {isa = PBXBuildFile; fileRef = 913E3F582425A7B40060EF34 /* SearchRecipesListRepository.swift */; };
		913E3F5B2425AB400060EF34 /* RecipesResponse.swift in Sources */ = {isa = PBXBuildFile; fileRef = 913E3F5A2425AB400060EF34 /* RecipesResponse.swift */; };
		913EEB4D24296FA900658060 /* Recipes+RecipesResponse.swift in Sources */ = {isa = PBXBuildFile; fileRef = 913EEB4C24296FA900658060 /* Recipes+RecipesResponse.swift */; };
		913EEB4F2429786100658060 /* RecipesListDataSources.swift in Sources */ = {isa = PBXBuildFile; fileRef = 913EEB4E2429786100658060 /* RecipesListDataSources.swift */; };
		913EEB5224297A6400658060 /* RecipesListTableViewCell.swift in Sources */ = {isa = PBXBuildFile; fileRef = 913EEB5124297A6400658060 /* RecipesListTableViewCell.swift */; };
		913EEB542429834000658060 /* FavoritesCoordinator.swift in Sources */ = {isa = PBXBuildFile; fileRef = 913EEB532429834000658060 /* FavoritesCoordinator.swift */; };
		91602AE5243508C200064C5D /* TimeFormatter.swift in Sources */ = {isa = PBXBuildFile; fileRef = 91602AE4243508C200064C5D /* TimeFormatter.swift */; };
		91C01102243F4A40006C373A /* Recipe.swift in Sources */ = {isa = PBXBuildFile; fileRef = 91C01101243F4A40006C373A /* Recipe.swift */; };
		91C2D1DF2448849100BEFBBF /* RecipesListRepositoryType.swift in Sources */ = {isa = PBXBuildFile; fileRef = 91C2D1DE2448849100BEFBBF /* RecipesListRepositoryType.swift */; };
		91C2D1E12448886300BEFBBF /* LinearGradientLayer.swift in Sources */ = {isa = PBXBuildFile; fileRef = 91C2D1E02448886300BEFBBF /* LinearGradientLayer.swift */; };
		91C2D1E324489D6100BEFBBF /* GradientView.swift in Sources */ = {isa = PBXBuildFile; fileRef = 91C2D1E224489D6100BEFBBF /* GradientView.swift */; };
		91D407EF243FE9F900B9BCE9 /* DetailViewModelTests.swift in Sources */ = {isa = PBXBuildFile; fileRef = 91D407EE243FE9F900B9BCE9 /* DetailViewModelTests.swift */; };
		91D7789124352D5000B08BDC /* RecipesListRepositoryTests.swift in Sources */ = {isa = PBXBuildFile; fileRef = 91D7789024352D5000B08BDC /* RecipesListRepositoryTests.swift */; };
		91D778932435389400B08BDC /* ScreensTests.swift in Sources */ = {isa = PBXBuildFile; fileRef = 91D778922435389400B08BDC /* ScreensTests.swift */; };
		91D778F8243DF4C200B08BDC /* CoredataStack.swift in Sources */ = {isa = PBXBuildFile; fileRef = 91D778F7243DF4C200B08BDC /* CoredataStack.swift */; };
		91D778FB243DF7F300B08BDC /* ImageProvider.swift in Sources */ = {isa = PBXBuildFile; fileRef = 91D778FA243DF7F300B08BDC /* ImageProvider.swift */; };
		91D778FD243DF81C00B08BDC /* ImageRepository.swift in Sources */ = {isa = PBXBuildFile; fileRef = 91D778FC243DF81C00B08BDC /* ImageRepository.swift */; };
		91D77906243E973E00B08BDC /* FavoritesRecipesListRepository.swift in Sources */ = {isa = PBXBuildFile; fileRef = 91D77905243E973E00B08BDC /* FavoritesRecipesListRepository.swift */; };
		91DB4A9324EEA73500F91F89 /* Helper.swift in Sources */ = {isa = PBXBuildFile; fileRef = 91DB4A9224EEA73500F91F89 /* Helper.swift */; };
		91DED51224813FFE00F85A11 /* RecipeEntity.swift in Sources */ = {isa = PBXBuildFile; fileRef = 91DED51124813FFE00F85A11 /* RecipeEntity.swift */; };
/* End PBXBuildFile section */

/* Begin PBXContainerItemProxy section */
		913E3F1E24257A780060EF34 /* PBXContainerItemProxy */ = {
			isa = PBXContainerItemProxy;
			containerPortal = 913E3EFC24257A740060EF34 /* Project object */;
			proxyType = 1;
			remoteGlobalIDString = 913E3F0324257A740060EF34;
			remoteInfo = Reciplease;
		};
/* End PBXContainerItemProxy section */

/* Begin PBXFileReference section */
		91198EF02433BEDB00AA0C56 /* DetailViewController.swift */ = {isa = PBXFileReference; lastKnownFileType = sourcecode.swift; path = DetailViewController.swift; sourceTree = "<group>"; };
		91198EF22433BEF900AA0C56 /* DetailViewModel.swift */ = {isa = PBXFileReference; lastKnownFileType = sourcecode.swift; path = DetailViewModel.swift; sourceTree = "<group>"; };
		913296142433DAA40065781F /* SearchViewModelTests.swift */ = {isa = PBXFileReference; lastKnownFileType = sourcecode.swift; path = SearchViewModelTests.swift; sourceTree = "<group>"; };
		913E3F0424257A740060EF34 /* Reciplease.app */ = {isa = PBXFileReference; explicitFileType = wrapper.application; includeInIndex = 0; path = Reciplease.app; sourceTree = BUILT_PRODUCTS_DIR; };
		913E3F0724257A740060EF34 /* AppDelegate.swift */ = {isa = PBXFileReference; lastKnownFileType = sourcecode.swift; path = AppDelegate.swift; sourceTree = "<group>"; };
		913E3F0E24257A740060EF34 /* Base */ = {isa = PBXFileReference; lastKnownFileType = file.storyboard; name = Base; path = Base.lproj/Main.storyboard; sourceTree = "<group>"; };
		913E3F1124257A740060EF34 /* Reciplease.xcdatamodel */ = {isa = PBXFileReference; lastKnownFileType = wrapper.xcdatamodel; path = Reciplease.xcdatamodel; sourceTree = "<group>"; };
		913E3F1324257A770060EF34 /* Assets.xcassets */ = {isa = PBXFileReference; lastKnownFileType = folder.assetcatalog; path = Assets.xcassets; sourceTree = "<group>"; };
		913E3F1624257A770060EF34 /* Base */ = {isa = PBXFileReference; lastKnownFileType = file.storyboard; name = Base; path = Base.lproj/LaunchScreen.storyboard; sourceTree = "<group>"; };
		913E3F1824257A770060EF34 /* Info.plist */ = {isa = PBXFileReference; lastKnownFileType = text.plist.xml; path = Info.plist; sourceTree = "<group>"; };
		913E3F1D24257A780060EF34 /* RecipleaseTests.xctest */ = {isa = PBXFileReference; explicitFileType = wrapper.cfbundle; includeInIndex = 0; path = RecipleaseTests.xctest; sourceTree = BUILT_PRODUCTS_DIR; };
		913E3F2324257A780060EF34 /* Info.plist */ = {isa = PBXFileReference; lastKnownFileType = text.plist.xml; path = Info.plist; sourceTree = "<group>"; };
		913E3F2D24257ABE0060EF34 /* Coordinator.swift */ = {isa = PBXFileReference; lastKnownFileType = sourcecode.swift; path = Coordinator.swift; sourceTree = "<group>"; };
		913E3F3124257B9E0060EF34 /* MainCoordinator.swift */ = {isa = PBXFileReference; lastKnownFileType = sourcecode.swift; path = MainCoordinator.swift; sourceTree = "<group>"; };
		913E3F3324257C520060EF34 /* Screens.swift */ = {isa = PBXFileReference; lastKnownFileType = sourcecode.swift; path = Screens.swift; sourceTree = "<group>"; };
		913E3F3524257CCC0060EF34 /* SearchViewController.swift */ = {isa = PBXFileReference; lastKnownFileType = sourcecode.swift; path = SearchViewController.swift; sourceTree = "<group>"; };
		913E3F3A24257DC60060EF34 /* HTTPClient.swift */ = {isa = PBXFileReference; lastKnownFileType = sourcecode.swift; path = HTTPClient.swift; sourceTree = "<group>"; };
		913E3F3C24257DD60060EF34 /* HTTPEngine.swift */ = {isa = PBXFileReference; lastKnownFileType = sourcecode.swift; path = HTTPEngine.swift; sourceTree = "<group>"; };
		913E3F3E24257DF30060EF34 /* RequestCancellationToken.swift */ = {isa = PBXFileReference; lastKnownFileType = sourcecode.swift; path = RequestCancellationToken.swift; sourceTree = "<group>"; };
		913E3F4024257E1B0060EF34 /* Context.swift */ = {isa = PBXFileReference; lastKnownFileType = sourcecode.swift; path = Context.swift; sourceTree = "<group>"; };
		913E3F4324257E670060EF34 /* UIViewController+Commons.swift */ = {isa = PBXFileReference; lastKnownFileType = sourcecode.swift; path = "UIViewController+Commons.swift"; sourceTree = "<group>"; };
		913E3F48242582A10060EF34 /* SearchCoordinator.swift */ = {isa = PBXFileReference; lastKnownFileType = sourcecode.swift; path = SearchCoordinator.swift; sourceTree = "<group>"; };
		913E3F4F24258A070060EF34 /* SearchViewModel.swift */ = {isa = PBXFileReference; lastKnownFileType = sourcecode.swift; path = SearchViewModel.swift; sourceTree = "<group>"; };
		913E3F5424259CDF0060EF34 /* RecipesListViewController.swift */ = {isa = PBXFileReference; lastKnownFileType = sourcecode.swift; path = RecipesListViewController.swift; sourceTree = "<group>"; };
		913E3F5624259D520060EF34 /* RecipesListViewModel.swift */ = {isa = PBXFileReference; lastKnownFileType = sourcecode.swift; path = RecipesListViewModel.swift; sourceTree = "<group>"; };
		913E3F582425A7B40060EF34 /* SearchRecipesListRepository.swift */ = {isa = PBXFileReference; lastKnownFileType = sourcecode.swift; path = SearchRecipesListRepository.swift; sourceTree = "<group>"; };
		913E3F5A2425AB400060EF34 /* RecipesResponse.swift */ = {isa = PBXFileReference; lastKnownFileType = sourcecode.swift; path = RecipesResponse.swift; sourceTree = "<group>"; };
		913EEB4C24296FA900658060 /* Recipes+RecipesResponse.swift */ = {isa = PBXFileReference; lastKnownFileType = sourcecode.swift; path = "Recipes+RecipesResponse.swift"; sourceTree = "<group>"; };
		913EEB4E2429786100658060 /* RecipesListDataSources.swift */ = {isa = PBXFileReference; lastKnownFileType = sourcecode.swift; path = RecipesListDataSources.swift; sourceTree = "<group>"; };
		913EEB5124297A6400658060 /* RecipesListTableViewCell.swift */ = {isa = PBXFileReference; lastKnownFileType = sourcecode.swift; path = RecipesListTableViewCell.swift; sourceTree = "<group>"; };
		913EEB532429834000658060 /* FavoritesCoordinator.swift */ = {isa = PBXFileReference; lastKnownFileType = sourcecode.swift; path = FavoritesCoordinator.swift; sourceTree = "<group>"; };
		91602AE4243508C200064C5D /* TimeFormatter.swift */ = {isa = PBXFileReference; lastKnownFileType = sourcecode.swift; path = TimeFormatter.swift; sourceTree = "<group>"; };
		91C01101243F4A40006C373A /* Recipe.swift */ = {isa = PBXFileReference; lastKnownFileType = sourcecode.swift; path = Recipe.swift; sourceTree = "<group>"; };
		91C2D1DE2448849100BEFBBF /* RecipesListRepositoryType.swift */ = {isa = PBXFileReference; lastKnownFileType = sourcecode.swift; path = RecipesListRepositoryType.swift; sourceTree = "<group>"; };
		91C2D1E02448886300BEFBBF /* LinearGradientLayer.swift */ = {isa = PBXFileReference; lastKnownFileType = sourcecode.swift; path = LinearGradientLayer.swift; sourceTree = "<group>"; };
		91C2D1E224489D6100BEFBBF /* GradientView.swift */ = {isa = PBXFileReference; lastKnownFileType = sourcecode.swift; path = GradientView.swift; sourceTree = "<group>"; };
		91D407EE243FE9F900B9BCE9 /* DetailViewModelTests.swift */ = {isa = PBXFileReference; lastKnownFileType = sourcecode.swift; path = DetailViewModelTests.swift; sourceTree = "<group>"; };
		91D7789024352D5000B08BDC /* RecipesListRepositoryTests.swift */ = {isa = PBXFileReference; lastKnownFileType = sourcecode.swift; path = RecipesListRepositoryTests.swift; sourceTree = "<group>"; };
		91D778922435389400B08BDC /* ScreensTests.swift */ = {isa = PBXFileReference; lastKnownFileType = sourcecode.swift; path = ScreensTests.swift; sourceTree = "<group>"; };
		91D778F7243DF4C200B08BDC /* CoredataStack.swift */ = {isa = PBXFileReference; lastKnownFileType = sourcecode.swift; path = CoredataStack.swift; sourceTree = "<group>"; };
		91D778FA243DF7F300B08BDC /* ImageProvider.swift */ = {isa = PBXFileReference; lastKnownFileType = sourcecode.swift; path = ImageProvider.swift; sourceTree = "<group>"; };
		91D778FC243DF81C00B08BDC /* ImageRepository.swift */ = {isa = PBXFileReference; lastKnownFileType = sourcecode.swift; path = ImageRepository.swift; sourceTree = "<group>"; };
		91D77905243E973E00B08BDC /* FavoritesRecipesListRepository.swift */ = {isa = PBXFileReference; lastKnownFileType = sourcecode.swift; path = FavoritesRecipesListRepository.swift; sourceTree = "<group>"; };
		91DB4A9224EEA73500F91F89 /* Helper.swift */ = {isa = PBXFileReference; lastKnownFileType = sourcecode.swift; path = Helper.swift; sourceTree = "<group>"; };
		91DED51124813FFE00F85A11 /* RecipeEntity.swift */ = {isa = PBXFileReference; lastKnownFileType = sourcecode.swift; path = RecipeEntity.swift; sourceTree = "<group>"; };
/* End PBXFileReference section */

/* Begin PBXFrameworksBuildPhase section */
		913E3F0124257A740060EF34 /* Frameworks */ = {
			isa = PBXFrameworksBuildPhase;
			buildActionMask = 2147483647;
			files = (
			);
			runOnlyForDeploymentPostprocessing = 0;
		};
		913E3F1A24257A780060EF34 /* Frameworks */ = {
			isa = PBXFrameworksBuildPhase;
			buildActionMask = 2147483647;
			files = (
			);
			runOnlyForDeploymentPostprocessing = 0;
		};
/* End PBXFrameworksBuildPhase section */

/* Begin PBXGroup section */
		91198EEF2433BEC000AA0C56 /* Detail */ = {
			isa = PBXGroup;
			children = (
				91198EF02433BEDB00AA0C56 /* DetailViewController.swift */,
				91198EF22433BEF900AA0C56 /* DetailViewModel.swift */,
			);
			path = Detail;
			sourceTree = "<group>";
		};
		913E3EFB24257A740060EF34 = {
			isa = PBXGroup;
			children = (
				913E3F0624257A740060EF34 /* Reciplease */,
				913E3F2024257A780060EF34 /* RecipleaseTests */,
				913E3F0524257A740060EF34 /* Products */,
			);
			sourceTree = "<group>";
		};
		913E3F0524257A740060EF34 /* Products */ = {
			isa = PBXGroup;
			children = (
				913E3F0424257A740060EF34 /* Reciplease.app */,
				913E3F1D24257A780060EF34 /* RecipleaseTests.xctest */,
			);
			name = Products;
			sourceTree = "<group>";
		};
		913E3F0624257A740060EF34 /* Reciplease */ = {
			isa = PBXGroup;
			children = (
				913E3F2C24257AA40060EF34 /* Sources */,
				913E3F3024257B720060EF34 /* App */,
				91D778F9243DF7DB00B08BDC /* Images */,
				913E3F3924257DB70060EF34 /* Network */,
				913E3F4224257E4A0060EF34 /* Extensions */,
				913E3F2F24257B550060EF34 /* Ressources */,
			);
			path = Reciplease;
			sourceTree = "<group>";
		};
		913E3F2024257A780060EF34 /* RecipleaseTests */ = {
			isa = PBXGroup;
			children = (
				91D778942435392500B08BDC /* Screens */,
				91D778952435393100B08BDC /* Search */,
				91D778962435394900B08BDC /* RecipesList */,
				91D407ED243FE9C000B9BCE9 /* detail */,
				913E3F2324257A780060EF34 /* Info.plist */,
			);
			path = RecipleaseTests;
			sourceTree = "<group>";
		};
		913E3F2C24257AA40060EF34 /* Sources */ = {
			isa = PBXGroup;
			children = (
				913E3F0724257A740060EF34 /* AppDelegate.swift */,
				913E3F4024257E1B0060EF34 /* Context.swift */,
				913E3F3324257C520060EF34 /* Screens.swift */,
				913E3F2D24257ABE0060EF34 /* Coordinator.swift */,
				913E3F3124257B9E0060EF34 /* MainCoordinator.swift */,
				91C01107243F53EC006C373A /* CoreData */,
				913E3F0D24257A740060EF34 /* Main.storyboard */,
			);
			path = Sources;
			sourceTree = "<group>";
		};
		913E3F2F24257B550060EF34 /* Ressources */ = {
			isa = PBXGroup;
			children = (
				913E3F1324257A770060EF34 /* Assets.xcassets */,
				913E3F1524257A770060EF34 /* LaunchScreen.storyboard */,
				913E3F1824257A770060EF34 /* Info.plist */,
			);
			path = Ressources;
			sourceTree = "<group>";
		};
		913E3F3024257B720060EF34 /* App */ = {
			isa = PBXGroup;
			children = (
				913E3F47242582860060EF34 /* Navigation */,
				91C01103243F5307006C373A /* Favorites */,
				913E3F4C2425875D0060EF34 /* Search */,
				91C01106243F53A5006C373A /* Commons */,
				91C2D1E224489D6100BEFBBF /* GradientView.swift */,
			);
			path = App;
			sourceTree = "<group>";
		};
		913E3F3924257DB70060EF34 /* Network */ = {
			isa = PBXGroup;
			children = (
				913E3F3A24257DC60060EF34 /* HTTPClient.swift */,
				913E3F3C24257DD60060EF34 /* HTTPEngine.swift */,
				913E3F3E24257DF30060EF34 /* RequestCancellationToken.swift */,
			);
			path = Network;
			sourceTree = "<group>";
		};
		913E3F4224257E4A0060EF34 /* Extensions */ = {
			isa = PBXGroup;
			children = (
				913E3F4324257E670060EF34 /* UIViewController+Commons.swift */,
				91DB4A9224EEA73500F91F89 /* Helper.swift */,
			);
			path = Extensions;
			sourceTree = "<group>";
		};
		913E3F47242582860060EF34 /* Navigation */ = {
			isa = PBXGroup;
			children = (
				913E3F48242582A10060EF34 /* SearchCoordinator.swift */,
				913EEB532429834000658060 /* FavoritesCoordinator.swift */,
			);
			path = Navigation;
			sourceTree = "<group>";
		};
		913E3F4C2425875D0060EF34 /* Search */ = {
			isa = PBXGroup;
			children = (
				91C01104243F532C006C373A /* Recipes */,
				913E3F582425A7B40060EF34 /* SearchRecipesListRepository.swift */,
				913E3F3524257CCC0060EF34 /* SearchViewController.swift */,
				913E3F4F24258A070060EF34 /* SearchViewModel.swift */,
			);
			path = Search;
			sourceTree = "<group>";
		};
		913E3F5324259CAF0060EF34 /* Recipes */ = {
			isa = PBXGroup;
			children = (
				913EEB5024297A4A00658060 /* Cell */,
				913E3F5424259CDF0060EF34 /* RecipesListViewController.swift */,
				913E3F5624259D520060EF34 /* RecipesListViewModel.swift */,
				913EEB4E2429786100658060 /* RecipesListDataSources.swift */,
				91C2D1DE2448849100BEFBBF /* RecipesListRepositoryType.swift */,
			);
			path = Recipes;
			sourceTree = "<group>";
		};
		913E3F5C2425AB560060EF34 /* Model */ = {
			isa = PBXGroup;
			children = (
				913EEB4C24296FA900658060 /* Recipes+RecipesResponse.swift */,
				913E3F5A2425AB400060EF34 /* RecipesResponse.swift */,
				91602AE4243508C200064C5D /* TimeFormatter.swift */,
				91C01101243F4A40006C373A /* Recipe.swift */,
			);
			path = Model;
			sourceTree = "<group>";
		};
		913EEB5024297A4A00658060 /* Cell */ = {
			isa = PBXGroup;
			children = (
				913EEB5124297A6400658060 /* RecipesListTableViewCell.swift */,
			);
			path = Cell;
			sourceTree = "<group>";
		};
		91C01103243F5307006C373A /* Favorites */ = {
			isa = PBXGroup;
			children = (
				91C01105243F5334006C373A /* Recipes */,
				91D77905243E973E00B08BDC /* FavoritesRecipesListRepository.swift */,
			);
			path = Favorites;
			sourceTree = "<group>";
		};
		91C01104243F532C006C373A /* Recipes */ = {
			isa = PBXGroup;
			children = (
				913E3F5C2425AB560060EF34 /* Model */,
			);
			path = Recipes;
			sourceTree = "<group>";
		};
		91C01105243F5334006C373A /* Recipes */ = {
			isa = PBXGroup;
			children = (
				91DED51124813FFE00F85A11 /* RecipeEntity.swift */,
			);
			path = Recipes;
			sourceTree = "<group>";
		};
		91C01106243F53A5006C373A /* Commons */ = {
			isa = PBXGroup;
			children = (
				913E3F5324259CAF0060EF34 /* Recipes */,
				91198EEF2433BEC000AA0C56 /* Detail */,
			);
			path = Commons;
			sourceTree = "<group>";
		};
		91C01107243F53EC006C373A /* CoreData */ = {
			isa = PBXGroup;
			children = (
				91D778F7243DF4C200B08BDC /* CoredataStack.swift */,
				913E3F1024257A740060EF34 /* Reciplease.xcdatamodeld */,
			);
			path = CoreData;
			sourceTree = "<group>";
		};
		91D407ED243FE9C000B9BCE9 /* detail */ = {
			isa = PBXGroup;
			children = (
				91D407EE243FE9F900B9BCE9 /* DetailViewModelTests.swift */,
			);
			path = detail;
			sourceTree = "<group>";
		};
		91D778942435392500B08BDC /* Screens */ = {
			isa = PBXGroup;
			children = (
				91D778922435389400B08BDC /* ScreensTests.swift */,
			);
			path = Screens;
			sourceTree = "<group>";
		};
		91D778952435393100B08BDC /* Search */ = {
			isa = PBXGroup;
			children = (
				913296142433DAA40065781F /* SearchViewModelTests.swift */,
			);
			path = Search;
			sourceTree = "<group>";
		};
		91D778962435394900B08BDC /* RecipesList */ = {
			isa = PBXGroup;
			children = (
				91D7789024352D5000B08BDC /* RecipesListRepositoryTests.swift */,
			);
			path = RecipesList;
			sourceTree = "<group>";
		};
		91D778F9243DF7DB00B08BDC /* Images */ = {
			isa = PBXGroup;
			children = (
				91D778FA243DF7F300B08BDC /* ImageProvider.swift */,
				91D778FC243DF81C00B08BDC /* ImageRepository.swift */,
				91C2D1E02448886300BEFBBF /* LinearGradientLayer.swift */,
			);
			path = Images;
			sourceTree = "<group>";
		};
/* End PBXGroup section */

/* Begin PBXNativeTarget section */
		913E3F0324257A740060EF34 /* Reciplease */ = {
			isa = PBXNativeTarget;
			buildConfigurationList = 913E3F2624257A780060EF34 /* Build configuration list for PBXNativeTarget "Reciplease" */;
			buildPhases = (
				913E3F0024257A740060EF34 /* Sources */,
				913E3F0124257A740060EF34 /* Frameworks */,
				913E3F0224257A740060EF34 /* Resources */,
			);
			buildRules = (
			);
			dependencies = (
			);
			name = Reciplease;
			productName = Reciplease;
			productReference = 913E3F0424257A740060EF34 /* Reciplease.app */;
			productType = "com.apple.product-type.application";
		};
		913E3F1C24257A780060EF34 /* RecipleaseTests */ = {
			isa = PBXNativeTarget;
			buildConfigurationList = 913E3F2924257A780060EF34 /* Build configuration list for PBXNativeTarget "RecipleaseTests" */;
			buildPhases = (
				913E3F1924257A780060EF34 /* Sources */,
				913E3F1A24257A780060EF34 /* Frameworks */,
				913E3F1B24257A780060EF34 /* Resources */,
			);
			buildRules = (
			);
			dependencies = (
				913E3F1F24257A780060EF34 /* PBXTargetDependency */,
			);
			name = RecipleaseTests;
			productName = RecipleaseTests;
			productReference = 913E3F1D24257A780060EF34 /* RecipleaseTests.xctest */;
			productType = "com.apple.product-type.bundle.unit-test";
		};
/* End PBXNativeTarget section */

/* Begin PBXProject section */
		913E3EFC24257A740060EF34 /* Project object */ = {
			isa = PBXProject;
			attributes = {
				LastSwiftUpdateCheck = 1130;
				LastUpgradeCheck = 1130;
				ORGANIZATIONNAME = "Damien Rojo";
				TargetAttributes = {
					913E3F0324257A740060EF34 = {
						CreatedOnToolsVersion = 11.3.1;
					};
					913E3F1C24257A780060EF34 = {
						CreatedOnToolsVersion = 11.3.1;
						TestTargetID = 913E3F0324257A740060EF34;
					};
				};
			};
			buildConfigurationList = 913E3EFF24257A740060EF34 /* Build configuration list for PBXProject "Reciplease" */;
			compatibilityVersion = "Xcode 9.3";
			developmentRegion = en;
			hasScannedForEncodings = 0;
			knownRegions = (
				en,
				Base,
			);
			mainGroup = 913E3EFB24257A740060EF34;
			productRefGroup = 913E3F0524257A740060EF34 /* Products */;
			projectDirPath = "";
			projectRoot = "";
			targets = (
				913E3F0324257A740060EF34 /* Reciplease */,
				913E3F1C24257A780060EF34 /* RecipleaseTests */,
			);
		};
/* End PBXProject section */

/* Begin PBXResourcesBuildPhase section */
		913E3F0224257A740060EF34 /* Resources */ = {
			isa = PBXResourcesBuildPhase;
			buildActionMask = 2147483647;
			files = (
				913E3F1724257A770060EF34 /* LaunchScreen.storyboard in Resources */,
				913E3F1424257A770060EF34 /* Assets.xcassets in Resources */,
				913E3F0F24257A740060EF34 /* Main.storyboard in Resources */,
			);
			runOnlyForDeploymentPostprocessing = 0;
		};
		913E3F1B24257A780060EF34 /* Resources */ = {
			isa = PBXResourcesBuildPhase;
			buildActionMask = 2147483647;
			files = (
			);
			runOnlyForDeploymentPostprocessing = 0;
		};
/* End PBXResourcesBuildPhase section */

/* Begin PBXSourcesBuildPhase section */
		913E3F0024257A740060EF34 /* Sources */ = {
			isa = PBXSourcesBuildPhase;
			buildActionMask = 2147483647;
			files = (
				913E3F3F24257DF30060EF34 /* RequestCancellationToken.swift in Sources */,
				91D778FD243DF81C00B08BDC /* ImageRepository.swift in Sources */,
				913E3F49242582A10060EF34 /* SearchCoordinator.swift in Sources */,
				913EEB4F2429786100658060 /* RecipesListDataSources.swift in Sources */,
				91602AE5243508C200064C5D /* TimeFormatter.swift in Sources */,
				91198EF32433BEF900AA0C56 /* DetailViewModel.swift in Sources */,
				913E3F5524259CDF0060EF34 /* RecipesListViewController.swift in Sources */,
				913E3F3624257CCC0060EF34 /* SearchViewController.swift in Sources */,
				913E3F1224257A740060EF34 /* Reciplease.xcdatamodeld in Sources */,
				91C01102243F4A40006C373A /* Recipe.swift in Sources */,
				91D778F8243DF4C200B08BDC /* CoredataStack.swift in Sources */,
				91C2D1E12448886300BEFBBF /* LinearGradientLayer.swift in Sources */,
				913E3F3B24257DC60060EF34 /* HTTPClient.swift in Sources */,
				91D77906243E973E00B08BDC /* FavoritesRecipesListRepository.swift in Sources */,
				913E3F5024258A070060EF34 /* SearchViewModel.swift in Sources */,
				913E3F4124257E1B0060EF34 /* Context.swift in Sources */,
				91D778FB243DF7F300B08BDC /* ImageProvider.swift in Sources */,
				913E3F3D24257DD60060EF34 /* HTTPEngine.swift in Sources */,
				913E3F5724259D520060EF34 /* RecipesListViewModel.swift in Sources */,
				913E3F2E24257ABE0060EF34 /* Coordinator.swift in Sources */,
				91C2D1DF2448849100BEFBBF /* RecipesListRepositoryType.swift in Sources */,
				91198EF12433BEDB00AA0C56 /* DetailViewController.swift in Sources */,
				91C2D1E324489D6100BEFBBF /* GradientView.swift in Sources */,
				913EEB542429834000658060 /* FavoritesCoordinator.swift in Sources */,
				913E3F3424257C520060EF34 /* Screens.swift in Sources */,
				91DB4A9324EEA73500F91F89 /* Helper.swift in Sources */,
				913EEB5224297A6400658060 /* RecipesListTableViewCell.swift in Sources */,
				913E3F5B2425AB400060EF34 /* RecipesResponse.swift in Sources */,
				913EEB4D24296FA900658060 /* Recipes+RecipesResponse.swift in Sources */,
				913E3F4424257E670060EF34 /* UIViewController+Commons.swift in Sources */,
				913E3F3224257B9E0060EF34 /* MainCoordinator.swift in Sources */,
				913E3F0824257A740060EF34 /* AppDelegate.swift in Sources */,
				91DED51224813FFE00F85A11 /* RecipeEntity.swift in Sources */,
				913E3F592425A7B40060EF34 /* SearchRecipesListRepository.swift in Sources */,
			);
			runOnlyForDeploymentPostprocessing = 0;
		};
		913E3F1924257A780060EF34 /* Sources */ = {
			isa = PBXSourcesBuildPhase;
			buildActionMask = 2147483647;
			files = (
				913296152433DAA40065781F /* SearchViewModelTests.swift in Sources */,
				91D778932435389400B08BDC /* ScreensTests.swift in Sources */,
				91D7789124352D5000B08BDC /* RecipesListRepositoryTests.swift in Sources */,
				91D407EF243FE9F900B9BCE9 /* DetailViewModelTests.swift in Sources */,
			);
			runOnlyForDeploymentPostprocessing = 0;
		};
/* End PBXSourcesBuildPhase section */

/* Begin PBXTargetDependency section */
		913E3F1F24257A780060EF34 /* PBXTargetDependency */ = {
			isa = PBXTargetDependency;
			target = 913E3F0324257A740060EF34 /* Reciplease */;
			targetProxy = 913E3F1E24257A780060EF34 /* PBXContainerItemProxy */;
		};
/* End PBXTargetDependency section */

/* Begin PBXVariantGroup section */
		913E3F0D24257A740060EF34 /* Main.storyboard */ = {
			isa = PBXVariantGroup;
			children = (
				913E3F0E24257A740060EF34 /* Base */,
			);
			name = Main.storyboard;
			sourceTree = "<group>";
		};
		913E3F1524257A770060EF34 /* LaunchScreen.storyboard */ = {
			isa = PBXVariantGroup;
			children = (
				913E3F1624257A770060EF34 /* Base */,
			);
			name = LaunchScreen.storyboard;
			sourceTree = "<group>";
		};
/* End PBXVariantGroup section */

/* Begin XCBuildConfiguration section */
		913E3F2424257A780060EF34 /* Debug */ = {
			isa = XCBuildConfiguration;
			buildSettings = {
				ALWAYS_SEARCH_USER_PATHS = NO;
				CLANG_ANALYZER_NONNULL = YES;
				CLANG_ANALYZER_NUMBER_OBJECT_CONVERSION = YES_AGGRESSIVE;
				CLANG_CXX_LANGUAGE_STANDARD = "gnu++14";
				CLANG_CXX_LIBRARY = "libc++";
				CLANG_ENABLE_MODULES = YES;
				CLANG_ENABLE_OBJC_ARC = YES;
				CLANG_ENABLE_OBJC_WEAK = YES;
				CLANG_WARN_BLOCK_CAPTURE_AUTORELEASING = YES;
				CLANG_WARN_BOOL_CONVERSION = YES;
				CLANG_WARN_COMMA = YES;
				CLANG_WARN_CONSTANT_CONVERSION = YES;
				CLANG_WARN_DEPRECATED_OBJC_IMPLEMENTATIONS = YES;
				CLANG_WARN_DIRECT_OBJC_ISA_USAGE = YES_ERROR;
				CLANG_WARN_DOCUMENTATION_COMMENTS = YES;
				CLANG_WARN_EMPTY_BODY = YES;
				CLANG_WARN_ENUM_CONVERSION = YES;
				CLANG_WARN_INFINITE_RECURSION = YES;
				CLANG_WARN_INT_CONVERSION = YES;
				CLANG_WARN_NON_LITERAL_NULL_CONVERSION = YES;
				CLANG_WARN_OBJC_IMPLICIT_RETAIN_SELF = YES;
				CLANG_WARN_OBJC_LITERAL_CONVERSION = YES;
				CLANG_WARN_OBJC_ROOT_CLASS = YES_ERROR;
				CLANG_WARN_RANGE_LOOP_ANALYSIS = YES;
				CLANG_WARN_STRICT_PROTOTYPES = YES;
				CLANG_WARN_SUSPICIOUS_MOVE = YES;
				CLANG_WARN_UNGUARDED_AVAILABILITY = YES_AGGRESSIVE;
				CLANG_WARN_UNREACHABLE_CODE = YES;
				CLANG_WARN__DUPLICATE_METHOD_MATCH = YES;
				COPY_PHASE_STRIP = NO;
				DEBUG_INFORMATION_FORMAT = dwarf;
				ENABLE_STRICT_OBJC_MSGSEND = YES;
				ENABLE_TESTABILITY = YES;
				GCC_C_LANGUAGE_STANDARD = gnu11;
				GCC_DYNAMIC_NO_PIC = NO;
				GCC_NO_COMMON_BLOCKS = YES;
				GCC_OPTIMIZATION_LEVEL = 0;
				GCC_PREPROCESSOR_DEFINITIONS = (
					"DEBUG=1",
					"$(inherited)",
				);
				GCC_WARN_64_TO_32_BIT_CONVERSION = YES;
				GCC_WARN_ABOUT_RETURN_TYPE = YES_ERROR;
				GCC_WARN_UNDECLARED_SELECTOR = YES;
				GCC_WARN_UNINITIALIZED_AUTOS = YES_AGGRESSIVE;
				GCC_WARN_UNUSED_FUNCTION = YES;
				GCC_WARN_UNUSED_VARIABLE = YES;
				IPHONEOS_DEPLOYMENT_TARGET = 13.2;
				MTL_ENABLE_DEBUG_INFO = INCLUDE_SOURCE;
				MTL_FAST_MATH = YES;
				ONLY_ACTIVE_ARCH = YES;
				SDKROOT = iphoneos;
				SWIFT_ACTIVE_COMPILATION_CONDITIONS = DEBUG;
				SWIFT_OPTIMIZATION_LEVEL = "-Onone";
			};
			name = Debug;
		};
		913E3F2524257A780060EF34 /* Release */ = {
			isa = XCBuildConfiguration;
			buildSettings = {
				ALWAYS_SEARCH_USER_PATHS = NO;
				CLANG_ANALYZER_NONNULL = YES;
				CLANG_ANALYZER_NUMBER_OBJECT_CONVERSION = YES_AGGRESSIVE;
				CLANG_CXX_LANGUAGE_STANDARD = "gnu++14";
				CLANG_CXX_LIBRARY = "libc++";
				CLANG_ENABLE_MODULES = YES;
				CLANG_ENABLE_OBJC_ARC = YES;
				CLANG_ENABLE_OBJC_WEAK = YES;
				CLANG_WARN_BLOCK_CAPTURE_AUTORELEASING = YES;
				CLANG_WARN_BOOL_CONVERSION = YES;
				CLANG_WARN_COMMA = YES;
				CLANG_WARN_CONSTANT_CONVERSION = YES;
				CLANG_WARN_DEPRECATED_OBJC_IMPLEMENTATIONS = YES;
				CLANG_WARN_DIRECT_OBJC_ISA_USAGE = YES_ERROR;
				CLANG_WARN_DOCUMENTATION_COMMENTS = YES;
				CLANG_WARN_EMPTY_BODY = YES;
				CLANG_WARN_ENUM_CONVERSION = YES;
				CLANG_WARN_INFINITE_RECURSION = YES;
				CLANG_WARN_INT_CONVERSION = YES;
				CLANG_WARN_NON_LITERAL_NULL_CONVERSION = YES;
				CLANG_WARN_OBJC_IMPLICIT_RETAIN_SELF = YES;
				CLANG_WARN_OBJC_LITERAL_CONVERSION = YES;
				CLANG_WARN_OBJC_ROOT_CLASS = YES_ERROR;
				CLANG_WARN_RANGE_LOOP_ANALYSIS = YES;
				CLANG_WARN_STRICT_PROTOTYPES = YES;
				CLANG_WARN_SUSPICIOUS_MOVE = YES;
				CLANG_WARN_UNGUARDED_AVAILABILITY = YES_AGGRESSIVE;
				CLANG_WARN_UNREACHABLE_CODE = YES;
				CLANG_WARN__DUPLICATE_METHOD_MATCH = YES;
				COPY_PHASE_STRIP = NO;
				DEBUG_INFORMATION_FORMAT = "dwarf-with-dsym";
				ENABLE_NS_ASSERTIONS = NO;
				ENABLE_STRICT_OBJC_MSGSEND = YES;
				GCC_C_LANGUAGE_STANDARD = gnu11;
				GCC_NO_COMMON_BLOCKS = YES;
				GCC_WARN_64_TO_32_BIT_CONVERSION = YES;
				GCC_WARN_ABOUT_RETURN_TYPE = YES_ERROR;
				GCC_WARN_UNDECLARED_SELECTOR = YES;
				GCC_WARN_UNINITIALIZED_AUTOS = YES_AGGRESSIVE;
				GCC_WARN_UNUSED_FUNCTION = YES;
				GCC_WARN_UNUSED_VARIABLE = YES;
				IPHONEOS_DEPLOYMENT_TARGET = 13.2;
				MTL_ENABLE_DEBUG_INFO = NO;
				MTL_FAST_MATH = YES;
				SDKROOT = iphoneos;
				SWIFT_COMPILATION_MODE = wholemodule;
				SWIFT_OPTIMIZATION_LEVEL = "-O";
				VALIDATE_PRODUCT = YES;
			};
			name = Release;
		};
		913E3F2724257A780060EF34 /* Debug */ = {
			isa = XCBuildConfiguration;
			buildSettings = {
				ASSETCATALOG_COMPILER_APPICON_NAME = AppIcon;
				CODE_SIGN_STYLE = Automatic;
				DEVELOPMENT_TEAM = SPYXZN2GGQ;
				INFOPLIST_FILE = Reciplease/Ressources/Info.plist;
				IPHONEOS_DEPLOYMENT_TARGET = 13.0;
				LD_RUNPATH_SEARCH_PATHS = (
					"$(inherited)",
					"@executable_path/Frameworks",
				);
				PRODUCT_BUNDLE_IDENTIFIER = com.DRojo.Reciplease;
				PRODUCT_NAME = "$(TARGET_NAME)";
				SWIFT_VERSION = 5.0;
				TARGETED_DEVICE_FAMILY = 1;
			};
			name = Debug;
		};
		913E3F2824257A780060EF34 /* Release */ = {
			isa = XCBuildConfiguration;
			buildSettings = {
				ASSETCATALOG_COMPILER_APPICON_NAME = AppIcon;
				CODE_SIGN_STYLE = Automatic;
				DEVELOPMENT_TEAM = SPYXZN2GGQ;
				INFOPLIST_FILE = Reciplease/Ressources/Info.plist;
				IPHONEOS_DEPLOYMENT_TARGET = 13.0;
				LD_RUNPATH_SEARCH_PATHS = (
					"$(inherited)",
					"@executable_path/Frameworks",
				);
				PRODUCT_BUNDLE_IDENTIFIER = com.DRojo.Reciplease;
				PRODUCT_NAME = "$(TARGET_NAME)";
				SWIFT_VERSION = 5.0;
				TARGETED_DEVICE_FAMILY = 1;
			};
			name = Release;
		};
		913E3F2A24257A780060EF34 /* Debug */ = {
			isa = XCBuildConfiguration;
			buildSettings = {
				ALWAYS_EMBED_SWIFT_STANDARD_LIBRARIES = YES;
				BUNDLE_LOADER = "$(TEST_HOST)";
				CODE_SIGN_STYLE = Automatic;
				DEVELOPMENT_TEAM = SPYXZN2GGQ;
				INFOPLIST_FILE = RecipleaseTests/Info.plist;
				IPHONEOS_DEPLOYMENT_TARGET = 13.2;
				LD_RUNPATH_SEARCH_PATHS = (
					"$(inherited)",
					"@executable_path/Frameworks",
					"@loader_path/Frameworks",
				);
				PRODUCT_BUNDLE_IDENTIFIER = com.DRojo.RecipleaseTests;
				PRODUCT_NAME = "$(TARGET_NAME)";
				SWIFT_VERSION = 5.0;
				TARGETED_DEVICE_FAMILY = "1,2";
				TEST_HOST = "$(BUILT_PRODUCTS_DIR)/Reciplease.app/Reciplease";
			};
			name = Debug;
		};
		913E3F2B24257A780060EF34 /* Release */ = {
			isa = XCBuildConfiguration;
			buildSettings = {
				ALWAYS_EMBED_SWIFT_STANDARD_LIBRARIES = YES;
				BUNDLE_LOADER = "$(TEST_HOST)";
				CODE_SIGN_STYLE = Automatic;
				DEVELOPMENT_TEAM = SPYXZN2GGQ;
				INFOPLIST_FILE = RecipleaseTests/Info.plist;
				IPHONEOS_DEPLOYMENT_TARGET = 13.2;
				LD_RUNPATH_SEARCH_PATHS = (
					"$(inherited)",
					"@executable_path/Frameworks",
					"@loader_path/Frameworks",
				);
				PRODUCT_BUNDLE_IDENTIFIER = com.DRojo.RecipleaseTests;
				PRODUCT_NAME = "$(TARGET_NAME)";
				SWIFT_VERSION = 5.0;
				TARGETED_DEVICE_FAMILY = "1,2";
				TEST_HOST = "$(BUILT_PRODUCTS_DIR)/Reciplease.app/Reciplease";
			};
			name = Release;
		};
/* End XCBuildConfiguration section */

/* Begin XCConfigurationList section */
		913E3EFF24257A740060EF34 /* Build configuration list for PBXProject "Reciplease" */ = {
			isa = XCConfigurationList;
			buildConfigurations = (
				913E3F2424257A780060EF34 /* Debug */,
				913E3F2524257A780060EF34 /* Release */,
			);
			defaultConfigurationIsVisible = 0;
			defaultConfigurationName = Release;
		};
		913E3F2624257A780060EF34 /* Build configuration list for PBXNativeTarget "Reciplease" */ = {
			isa = XCConfigurationList;
			buildConfigurations = (
				913E3F2724257A780060EF34 /* Debug */,
				913E3F2824257A780060EF34 /* Release */,
			);
			defaultConfigurationIsVisible = 0;
			defaultConfigurationName = Release;
		};
		913E3F2924257A780060EF34 /* Build configuration list for PBXNativeTarget "RecipleaseTests" */ = {
			isa = XCConfigurationList;
			buildConfigurations = (
				913E3F2A24257A780060EF34 /* Debug */,
				913E3F2B24257A780060EF34 /* Release */,
			);
			defaultConfigurationIsVisible = 0;
			defaultConfigurationName = Release;
		};
/* End XCConfigurationList section */

/* Begin XCVersionGroup section */
		913E3F1024257A740060EF34 /* Reciplease.xcdatamodeld */ = {
			isa = XCVersionGroup;
			children = (
				913E3F1124257A740060EF34 /* Reciplease.xcdatamodel */,
			);
			currentVersion = 913E3F1124257A740060EF34 /* Reciplease.xcdatamodel */;
			path = Reciplease.xcdatamodeld;
			sourceTree = "<group>";
			versionGroupType = wrapper.xcdatamodel;
		};
/* End XCVersionGroup section */
	};
	rootObject = 913E3EFC24257A740060EF34 /* Project object */;
}
